
Microsoft Visual Studio Solution File, Format Version 12.00
# Visual Studio 2012
Project("{FAE04EC0-301F-11D3-BF4B-00C04F79EFBC}") = "MattChat", "CSharpStuff\MattChat.csproj", "{05A3E02B-D4E1-4D37-A9EC-0E126BE9702E}"
EndProject
Global
	GlobalSection(SolutionConfigurationPlatforms) = preSolution
		Debug|Any CPU = Debug|Any CPU
		Release|Any CPU = Release|Any CPU
	EndGlobalSection
	GlobalSection(ProjectConfigurationPlatforms) = postSolution
		{05A3E02B-D4E1-4D37-A9EC-0E126BE9702E}.Debug|Any CPU.ActiveCfg = Debug|Any CPU
		{05A3E02B-D4E1-4D37-A9EC-0E126BE9702E}.Debug|Any CPU.Build.0 = Debug|Any CPU
		{05A3E02B-D4E1-4D37-A9EC-0E126BE9702E}.Release|Any CPU.ActiveCfg = Release|Any CPU
		{05A3E02B-D4E1-4D37-A9EC-0E126BE9702E}.Release|Any CPU.Build.0 = Release|Any CPU
	EndGlobalSection
	GlobalSection(SolutionProperties) = preSolution
		HideSolutionNode = FALSE
	EndGlobalSection
EndGlobal
